
Microsoft Visual Studio Solution File, Format Version 12.00
# Visual Studio Version 17
VisualStudioVersion = 17.14.36414.22
MinimumVisualStudioVersion = 10.0.40219.1
Project("{FAE04EC0-301F-11D3-BF4B-00C04F79EFBC}") = "ImgConvert", "ImgConvert\ImgConvert.csproj", "{16BB4F1B-DB0F-487B-B7E3-156D6927848D}"
EndProject
Global
	GlobalSection(SolutionConfigurationPlatforms) = preSolution
		Debug|Any CPU = Debug|Any CPU
		Release|Any CPU = Release|Any CPU
	EndGlobalSection
	GlobalSection(ProjectConfigurationPlatforms) = postSolution
		{16BB4F1B-DB0F-487B-B7E3-156D6927848D}.Debug|Any CPU.ActiveCfg = Debug|Any CPU
		{16BB4F1B-DB0F-487B-B7E3-156D6927848D}.Debug|Any CPU.Build.0 = Debug|Any CPU
		{16BB4F1B-DB0F-487B-B7E3-156D6927848D}.Release|Any CPU.ActiveCfg = Release|Any CPU
		{16BB4F1B-DB0F-487B-B7E3-156D6927848D}.Release|Any CPU.Build.0 = Release|Any CPU
	EndGlobalSection
	GlobalSection(SolutionProperties) = preSolution
		HideSolutionNode = FALSE
	EndGlobalSection
	GlobalSection(ExtensibilityGlobals) = postSolution
		SolutionGuid = {A3C34A94-4307-41C2-A705-F1DA4259CCB5}
	EndGlobalSection
EndGlobal
